
Microsoft Visual Studio Solution File, Format Version 12.00
# Visual Studio Version 17
VisualStudioVersion = 17.13.35828.75 d17.13
MinimumVisualStudioVersion = 10.0.40219.1
Project("{FAE04EC0-301F-11D3-BF4B-00C04F79EFBC}") = "PolyExample", "PolyExample.csproj", "{B48F9246-9C95-4A39-8D81-6602FFEB4E5B}"
EndProject
Global
	GlobalSection(SolutionConfigurationPlatforms) = preSolution
		Debug|Any CPU = Debug|Any CPU
		Release|Any CPU = Release|Any CPU
	EndGlobalSection
	GlobalSection(ProjectConfigurationPlatforms) = postSolution
		{B48F9246-9C95-4A39-8D81-6602FFEB4E5B}.Debug|Any CPU.ActiveCfg = Debug|Any CPU
		{B48F9246-9C95-4A39-8D81-6602FFEB4E5B}.Debug|Any CPU.Build.0 = Debug|Any CPU
		{B48F9246-9C95-4A39-8D81-6602FFEB4E5B}.Release|Any CPU.ActiveCfg = Release|Any CPU
		{B48F9246-9C95-4A39-8D81-6602FFEB4E5B}.Release|Any CPU.Build.0 = Release|Any CPU
	EndGlobalSection
	GlobalSection(SolutionProperties) = preSolution
		HideSolutionNode = FALSE
	EndGlobalSection
	GlobalSection(ExtensibilityGlobals) = postSolution
		SolutionGuid = {03C4DA37-2355-4A93-89CE-16A69758C65C}
	EndGlobalSection
EndGlobal
